
Microsoft Visual Studio Solution File, Format Version 12.00
# Visual Studio 15
VisualStudioVersion = 15.0.26124.0
MinimumVisualStudioVersion = 15.0.26124.0
Project("{FAE04EC0-301F-11D3-BF4B-00C04F79EFBC}") = "DDD.Application", "DDD.Application\DDD.Application.csproj", "{692F459F-01DA-4D73-9E82-D5DA75A0D31E}"
EndProject
Project("{FAE04EC0-301F-11D3-BF4B-00C04F79EFBC}") = "DDD.Domain", "DDD.Domain\DDD.Domain.csproj", "{299F4E2D-D096-4955-8530-B51D4FF16893}"
EndProject
Project("{FAE04EC0-301F-11D3-BF4B-00C04F79EFBC}") = "DDD.Infra.Data", "DDD.Infra.Data\DDD.Infra.Data.csproj", "{301463D7-B6D0-4F52-8A70-F66866B406F0}"
EndProject
Project("{FAE04EC0-301F-11D3-BF4B-00C04F79EFBC}") = "DDD.Service", "DDD.Service\DDD.Service.csproj", "{F9B5A16A-0A5E-41F5-8AAB-AE21DB80C481}"
EndProject
Global
	GlobalSection(SolutionConfigurationPlatforms) = preSolution
		Debug|Any CPU = Debug|Any CPU
		Debug|x64 = Debug|x64
		Debug|x86 = Debug|x86
		Release|Any CPU = Release|Any CPU
		Release|x64 = Release|x64
		Release|x86 = Release|x86
	EndGlobalSection
	GlobalSection(SolutionProperties) = preSolution
		HideSolutionNode = FALSE
	EndGlobalSection
	GlobalSection(ProjectConfigurationPlatforms) = postSolution
		{692F459F-01DA-4D73-9E82-D5DA75A0D31E}.Debug|Any CPU.ActiveCfg = Debug|Any CPU
		{692F459F-01DA-4D73-9E82-D5DA75A0D31E}.Debug|Any CPU.Build.0 = Debug|Any CPU
		{692F459F-01DA-4D73-9E82-D5DA75A0D31E}.Debug|x64.ActiveCfg = Debug|Any CPU
		{692F459F-01DA-4D73-9E82-D5DA75A0D31E}.Debug|x64.Build.0 = Debug|Any CPU
		{692F459F-01DA-4D73-9E82-D5DA75A0D31E}.Debug|x86.ActiveCfg = Debug|Any CPU
		{692F459F-01DA-4D73-9E82-D5DA75A0D31E}.Debug|x86.Build.0 = Debug|Any CPU
		{692F459F-01DA-4D73-9E82-D5DA75A0D31E}.Release|Any CPU.ActiveCfg = Release|Any CPU
		{692F459F-01DA-4D73-9E82-D5DA75A0D31E}.Release|Any CPU.Build.0 = Release|Any CPU
		{692F459F-01DA-4D73-9E82-D5DA75A0D31E}.Release|x64.ActiveCfg = Release|Any CPU
		{692F459F-01DA-4D73-9E82-D5DA75A0D31E}.Release|x64.Build.0 = Release|Any CPU
		{692F459F-01DA-4D73-9E82-D5DA75A0D31E}.Release|x86.ActiveCfg = Release|Any CPU
		{692F459F-01DA-4D73-9E82-D5DA75A0D31E}.Release|x86.Build.0 = Release|Any CPU
		{299F4E2D-D096-4955-8530-B51D4FF16893}.Debug|Any CPU.ActiveCfg = Debug|Any CPU
		{299F4E2D-D096-4955-8530-B51D4FF16893}.Debug|Any CPU.Build.0 = Debug|Any CPU
		{299F4E2D-D096-4955-8530-B51D4FF16893}.Debug|x64.ActiveCfg = Debug|Any CPU
		{299F4E2D-D096-4955-8530-B51D4FF16893}.Debug|x64.Build.0 = Debug|Any CPU
		{299F4E2D-D096-4955-8530-B51D4FF16893}.Debug|x86.ActiveCfg = Debug|Any CPU
		{299F4E2D-D096-4955-8530-B51D4FF16893}.Debug|x86.Build.0 = Debug|Any CPU
		{299F4E2D-D096-4955-8530-B51D4FF16893}.Release|Any CPU.ActiveCfg = Release|Any CPU
		{299F4E2D-D096-4955-8530-B51D4FF16893}.Release|Any CPU.Build.0 = Release|Any CPU
		{299F4E2D-D096-4955-8530-B51D4FF16893}.Release|x64.ActiveCfg = Release|Any CPU
		{299F4E2D-D096-4955-8530-B51D4FF16893}.Release|x64.Build.0 = Release|Any CPU
		{299F4E2D-D096-4955-8530-B51D4FF16893}.Release|x86.ActiveCfg = Release|Any CPU
		{299F4E2D-D096-4955-8530-B51D4FF16893}.Release|x86.Build.0 = Release|Any CPU
		{301463D7-B6D0-4F52-8A70-F66866B406F0}.Debug|Any CPU.ActiveCfg = Debug|Any CPU
		{301463D7-B6D0-4F52-8A70-F66866B406F0}.Debug|Any CPU.Build.0 = Debug|Any CPU
		{301463D7-B6D0-4F52-8A70-F66866B406F0}.Debug|x64.ActiveCfg = Debug|Any CPU
		{301463D7-B6D0-4F52-8A70-F66866B406F0}.Debug|x64.Build.0 = Debug|Any CPU
		{301463D7-B6D0-4F52-8A70-F66866B406F0}.Debug|x86.ActiveCfg = Debug|Any CPU
		{301463D7-B6D0-4F52-8A70-F66866B406F0}.Debug|x86.Build.0 = Debug|Any CPU
		{301463D7-B6D0-4F52-8A70-F66866B406F0}.Release|Any CPU.ActiveCfg = Release|Any CPU
		{301463D7-B6D0-4F52-8A70-F66866B406F0}.Release|Any CPU.Build.0 = Release|Any CPU
		{301463D7-B6D0-4F52-8A70-F66866B406F0}.Release|x64.ActiveCfg = Release|Any CPU
		{301463D7-B6D0-4F52-8A70-F66866B406F0}.Release|x64.Build.0 = Release|Any CPU
		{301463D7-B6D0-4F52-8A70-F66866B406F0}.Release|x86.ActiveCfg = Release|Any CPU
		{301463D7-B6D0-4F52-8A70-F66866B406F0}.Release|x86.Build.0 = Release|Any CPU
		{F9B5A16A-0A5E-41F5-8AAB-AE21DB80C481}.Debug|Any CPU.ActiveCfg = Debug|Any CPU
		{F9B5A16A-0A5E-41F5-8AAB-AE21DB80C481}.Debug|Any CPU.Build.0 = Debug|Any CPU
		{F9B5A16A-0A5E-41F5-8AAB-AE21DB80C481}.Debug|x64.ActiveCfg = Debug|Any CPU
		{F9B5A16A-0A5E-41F5-8AAB-AE21DB80C481}.Debug|x64.Build.0 = Debug|Any CPU
		{F9B5A16A-0A5E-41F5-8AAB-AE21DB80C481}.Debug|x86.ActiveCfg = Debug|Any CPU
		{F9B5A16A-0A5E-41F5-8AAB-AE21DB80C481}.Debug|x86.Build.0 = Debug|Any CPU
		{F9B5A16A-0A5E-41F5-8AAB-AE21DB80C481}.Release|Any CPU.ActiveCfg = Release|Any CPU
		{F9B5A16A-0A5E-41F5-8AAB-AE21DB80C481}.Release|Any CPU.Build.0 = Release|Any CPU
		{F9B5A16A-0A5E-41F5-8AAB-AE21DB80C481}.Release|x64.ActiveCfg = Release|Any CPU
		{F9B5A16A-0A5E-41F5-8AAB-AE21DB80C481}.Release|x64.Build.0 = Release|Any CPU
		{F9B5A16A-0A5E-41F5-8AAB-AE21DB80C481}.Release|x86.ActiveCfg = Release|Any CPU
		{F9B5A16A-0A5E-41F5-8AAB-AE21DB80C481}.Release|x86.Build.0 = Release|Any CPU
	EndGlobalSection
EndGlobal
